
Microsoft Visual Studio Solution File, Format Version 12.00
# Visual Studio Version 17
VisualStudioVersion = 17.11.35327.3
MinimumVisualStudioVersion = 10.0.40219.1
Project("{FAE04EC0-301F-11D3-BF4B-00C04F79EFBC}") = "V42 Gruppuppgift", "V42 Gruppuppgift\V42 Gruppuppgift.csproj", "{07B7595D-49B6-4908-9483-046FD94BA834}"
EndProject
Global
	GlobalSection(SolutionConfigurationPlatforms) = preSolution
		Debug|Any CPU = Debug|Any CPU
		Release|Any CPU = Release|Any CPU
	EndGlobalSection
	GlobalSection(ProjectConfigurationPlatforms) = postSolution
		{07B7595D-49B6-4908-9483-046FD94BA834}.Debug|Any CPU.ActiveCfg = Debug|Any CPU
		{07B7595D-49B6-4908-9483-046FD94BA834}.Debug|Any CPU.Build.0 = Debug|Any CPU
		{07B7595D-49B6-4908-9483-046FD94BA834}.Release|Any CPU.ActiveCfg = Release|Any CPU
		{07B7595D-49B6-4908-9483-046FD94BA834}.Release|Any CPU.Build.0 = Release|Any CPU
	EndGlobalSection
	GlobalSection(SolutionProperties) = preSolution
		HideSolutionNode = FALSE
	EndGlobalSection
	GlobalSection(ExtensibilityGlobals) = postSolution
		SolutionGuid = {4378CA6E-3432-4984-8DAD-292996CAD971}
	EndGlobalSection
EndGlobal
